
Microsoft Visual Studio Solution File, Format Version 12.00
# Visual Studio Version 16
VisualStudioVersion = 16.0.30320.27
MinimumVisualStudioVersion = 10.0.40219.1
Project("{FAE04EC0-301F-11D3-BF4B-00C04F79EFBC}") = "SabongLive", "SabongLive.csproj", "{B5BAE21A-7879-4B20-85B9-E697F63E30BC}"
EndProject
Global
	GlobalSection(SolutionConfigurationPlatforms) = preSolution
		Debug|Any CPU = Debug|Any CPU
		Release|Any CPU = Release|Any CPU
	EndGlobalSection
	GlobalSection(ProjectConfigurationPlatforms) = postSolution
		{B5BAE21A-7879-4B20-85B9-E697F63E30BC}.Debug|Any CPU.ActiveCfg = Debug|Any CPU
		{B5BAE21A-7879-4B20-85B9-E697F63E30BC}.Debug|Any CPU.Build.0 = Debug|Any CPU
		{B5BAE21A-7879-4B20-85B9-E697F63E30BC}.Release|Any CPU.ActiveCfg = Release|Any CPU
		{B5BAE21A-7879-4B20-85B9-E697F63E30BC}.Release|Any CPU.Build.0 = Release|Any CPU
	EndGlobalSection
	GlobalSection(SolutionProperties) = preSolution
		HideSolutionNode = FALSE
	EndGlobalSection
	GlobalSection(ExtensibilityGlobals) = postSolution
		SolutionGuid = {2339CB98-7A7C-4509-9596-1C9E6097DDD0}
	EndGlobalSection
EndGlobal
